// !$*UTF8*$!
{
	archiveVersion = 1;
	classes = {
	};
	objectVersion = 50;
	objects = {

/* Begin PBXBuildFile section */
		164ED5B790908F21AAAA2C0A /* Pods_PowerBuilder.framework in Frameworks */ = {isa = PBXBuildFile; fileRef = A957B3245534102BA4CD397C /* Pods_PowerBuilder.framework */; };
		25518099538F7528C070A92F /* Pods_PowerBuilderTests.framework in Frameworks */ = {isa = PBXBuildFile; fileRef = 11ED28AC69C682AF2B310F8F /* Pods_PowerBuilderTests.framework */; };
		9D4AAECC216D22A600E9013A /* AppDelegate.swift in Sources */ = {isa = PBXBuildFile; fileRef = 9D4AAECB216D22A600E9013A /* AppDelegate.swift */; };
		9D4AAECE216D22A600E9013A /* ViewController.swift in Sources */ = {isa = PBXBuildFile; fileRef = 9D4AAECD216D22A600E9013A /* ViewController.swift */; };
		9D4AAED1216D22A600E9013A /* Main.storyboard in Resources */ = {isa = PBXBuildFile; fileRef = 9D4AAECF216D22A600E9013A /* Main.storyboard */; };
		9D4AAED3216D22A700E9013A /* Assets.xcassets in Resources */ = {isa = PBXBuildFile; fileRef = 9D4AAED2216D22A700E9013A /* Assets.xcassets */; };
		9D4AAED6216D22A700E9013A /* LaunchScreen.storyboard in Resources */ = {isa = PBXBuildFile; fileRef = 9D4AAED4216D22A700E9013A /* LaunchScreen.storyboard */; };
		9D4AAEE1216D22A700E9013A /* PowerBuilderTests.swift in Sources */ = {isa = PBXBuildFile; fileRef = 9D4AAEE0216D22A700E9013A /* PowerBuilderTests.swift */; };
		9D4AAEEC216D22A700E9013A /* PowerBuilderUITests.swift in Sources */ = {isa = PBXBuildFile; fileRef = 9D4AAEEB216D22A700E9013A /* PowerBuilderUITests.swift */; };
		9D4AAEFA216D480200E9013A /* WorkoutListingViewController.swift in Sources */ = {isa = PBXBuildFile; fileRef = 9D4AAEF9216D480200E9013A /* WorkoutListingViewController.swift */; };
		9D4AAEFC216D4AC000E9013A /* MainNavigationController.swift in Sources */ = {isa = PBXBuildFile; fileRef = 9D4AAEFB216D4AC000E9013A /* MainNavigationController.swift */; };
		9D4AAEFE216D73D900E9013A /* ExerciseDetailsViewController.swift in Sources */ = {isa = PBXBuildFile; fileRef = 9D4AAEFD216D73D900E9013A /* ExerciseDetailsViewController.swift */; };
		9DA05770216DB9C200F8A94D /* WorkoutListingTableViewCell.xib in Resources */ = {isa = PBXBuildFile; fileRef = 9DA0576F216DB9C200F8A94D /* WorkoutListingTableViewCell.xib */; };
		9DA05772216DBAD600F8A94D /* WorkoutListingTableViewCell.swift in Sources */ = {isa = PBXBuildFile; fileRef = 9DA05771216DBAD600F8A94D /* WorkoutListingTableViewCell.swift */; };
		9DD12ACA2176F63100D9FDC4 /* CalendarViewController.swift in Sources */ = {isa = PBXBuildFile; fileRef = 9DD12AC92176F63100D9FDC4 /* CalendarViewController.swift */; };
		9DD12ACC2176F78F00D9FDC4 /* CustomCell.swift in Sources */ = {isa = PBXBuildFile; fileRef = 9DD12ACB2176F78F00D9FDC4 /* CustomCell.swift */; };
		9DD35BDF217129A500F2C04B /* PowerBuilder.xcdatamodeld in Sources */ = {isa = PBXBuildFile; fileRef = 9DD35BDD217129A500F2C04B /* PowerBuilder.xcdatamodeld */; };
		A7B6285087F804C46527FB53 /* Pods_PowerBuilderUITests.framework in Frameworks */ = {isa = PBXBuildFile; fileRef = 8D2FCDA6C4A4F39721A81080 /* Pods_PowerBuilderUITests.framework */; };
/* End PBXBuildFile section */

/* Begin PBXContainerItemProxy section */
		9D4AAEDD216D22A700E9013A /* PBXContainerItemProxy */ = {
			isa = PBXContainerItemProxy;
			containerPortal = 9D4AAEC0216D22A600E9013A /* Project object */;
			proxyType = 1;
			remoteGlobalIDString = 9D4AAEC7216D22A600E9013A;
			remoteInfo = PowerBuilder;
		};
		9D4AAEE8216D22A700E9013A /* PBXContainerItemProxy */ = {
			isa = PBXContainerItemProxy;
			containerPortal = 9D4AAEC0216D22A600E9013A /* Project object */;
			proxyType = 1;
			remoteGlobalIDString = 9D4AAEC7216D22A600E9013A;
			remoteInfo = PowerBuilder;
		};
/* End PBXContainerItemProxy section */

/* Begin PBXFileReference section */
		11ED28AC69C682AF2B310F8F /* Pods_PowerBuilderTests.framework */ = {isa = PBXFileReference; explicitFileType = wrapper.framework; includeInIndex = 0; path = Pods_PowerBuilderTests.framework; sourceTree = BUILT_PRODUCTS_DIR; };
		1DBFC2CF7ACBD44D4DEBA3C6 /* Pods-PowerBuilderUITests.release.xcconfig */ = {isa = PBXFileReference; includeInIndex = 1; lastKnownFileType = text.xcconfig; name = "Pods-PowerBuilderUITests.release.xcconfig"; path = "Pods/Target Support Files/Pods-PowerBuilderUITests/Pods-PowerBuilderUITests.release.xcconfig"; sourceTree = "<group>"; };
		5D6CC5955A3959C0549184AB /* Pods-PowerBuilderTests.debug.xcconfig */ = {isa = PBXFileReference; includeInIndex = 1; lastKnownFileType = text.xcconfig; name = "Pods-PowerBuilderTests.debug.xcconfig"; path = "Pods/Target Support Files/Pods-PowerBuilderTests/Pods-PowerBuilderTests.debug.xcconfig"; sourceTree = "<group>"; };
		8D2FCDA6C4A4F39721A81080 /* Pods_PowerBuilderUITests.framework */ = {isa = PBXFileReference; explicitFileType = wrapper.framework; includeInIndex = 0; path = Pods_PowerBuilderUITests.framework; sourceTree = BUILT_PRODUCTS_DIR; };
		92240D73144737B5952A24AB /* Pods-PowerBuilder.release.xcconfig */ = {isa = PBXFileReference; includeInIndex = 1; lastKnownFileType = text.xcconfig; name = "Pods-PowerBuilder.release.xcconfig"; path = "Pods/Target Support Files/Pods-PowerBuilder/Pods-PowerBuilder.release.xcconfig"; sourceTree = "<group>"; };
		9D4AAEC8216D22A600E9013A /* PowerBuilder.app */ = {isa = PBXFileReference; explicitFileType = wrapper.application; includeInIndex = 0; path = PowerBuilder.app; sourceTree = BUILT_PRODUCTS_DIR; };
		9D4AAECB216D22A600E9013A /* AppDelegate.swift */ = {isa = PBXFileReference; lastKnownFileType = sourcecode.swift; path = AppDelegate.swift; sourceTree = "<group>"; };
		9D4AAECD216D22A600E9013A /* ViewController.swift */ = {isa = PBXFileReference; lastKnownFileType = sourcecode.swift; path = ViewController.swift; sourceTree = "<group>"; };
		9D4AAED0216D22A600E9013A /* Base */ = {isa = PBXFileReference; lastKnownFileType = file.storyboard; name = Base; path = Base.lproj/Main.storyboard; sourceTree = "<group>"; };
		9D4AAED2216D22A700E9013A /* Assets.xcassets */ = {isa = PBXFileReference; lastKnownFileType = folder.assetcatalog; path = Assets.xcassets; sourceTree = "<group>"; };
		9D4AAED5216D22A700E9013A /* Base */ = {isa = PBXFileReference; lastKnownFileType = file.storyboard; name = Base; path = Base.lproj/LaunchScreen.storyboard; sourceTree = "<group>"; };
		9D4AAED7216D22A700E9013A /* Info.plist */ = {isa = PBXFileReference; lastKnownFileType = text.plist.xml; path = Info.plist; sourceTree = "<group>"; };
		9D4AAEDC216D22A700E9013A /* PowerBuilderTests.xctest */ = {isa = PBXFileReference; explicitFileType = wrapper.cfbundle; includeInIndex = 0; path = PowerBuilderTests.xctest; sourceTree = BUILT_PRODUCTS_DIR; };
		9D4AAEE0216D22A700E9013A /* PowerBuilderTests.swift */ = {isa = PBXFileReference; lastKnownFileType = sourcecode.swift; path = PowerBuilderTests.swift; sourceTree = "<group>"; };
		9D4AAEE2216D22A700E9013A /* Info.plist */ = {isa = PBXFileReference; lastKnownFileType = text.plist.xml; path = Info.plist; sourceTree = "<group>"; };
		9D4AAEE7216D22A700E9013A /* PowerBuilderUITests.xctest */ = {isa = PBXFileReference; explicitFileType = wrapper.cfbundle; includeInIndex = 0; path = PowerBuilderUITests.xctest; sourceTree = BUILT_PRODUCTS_DIR; };
		9D4AAEEB216D22A700E9013A /* PowerBuilderUITests.swift */ = {isa = PBXFileReference; lastKnownFileType = sourcecode.swift; path = PowerBuilderUITests.swift; sourceTree = "<group>"; };
		9D4AAEED216D22A700E9013A /* Info.plist */ = {isa = PBXFileReference; lastKnownFileType = text.plist.xml; path = Info.plist; sourceTree = "<group>"; };
		9D4AAEF9216D480200E9013A /* WorkoutListingViewController.swift */ = {isa = PBXFileReference; lastKnownFileType = sourcecode.swift; path = WorkoutListingViewController.swift; sourceTree = "<group>"; };
		9D4AAEFB216D4AC000E9013A /* MainNavigationController.swift */ = {isa = PBXFileReference; lastKnownFileType = sourcecode.swift; path = MainNavigationController.swift; sourceTree = "<group>"; };
		9D4AAEFD216D73D900E9013A /* ExerciseDetailsViewController.swift */ = {isa = PBXFileReference; lastKnownFileType = sourcecode.swift; path = ExerciseDetailsViewController.swift; sourceTree = "<group>"; };
		9DA0576F216DB9C200F8A94D /* WorkoutListingTableViewCell.xib */ = {isa = PBXFileReference; lastKnownFileType = file.xib; path = WorkoutListingTableViewCell.xib; sourceTree = "<group>"; };
		9DA05771216DBAD600F8A94D /* WorkoutListingTableViewCell.swift */ = {isa = PBXFileReference; lastKnownFileType = sourcecode.swift; path = WorkoutListingTableViewCell.swift; sourceTree = "<group>"; };
		9DD12AC92176F63100D9FDC4 /* CalendarViewController.swift */ = {isa = PBXFileReference; lastKnownFileType = sourcecode.swift; path = CalendarViewController.swift; sourceTree = "<group>"; };
		9DD12ACB2176F78F00D9FDC4 /* CustomCell.swift */ = {isa = PBXFileReference; lastKnownFileType = sourcecode.swift; path = CustomCell.swift; sourceTree = "<group>"; };
		9DD35BDE217129A500F2C04B /* PowerBuilder.xcdatamodel */ = {isa = PBXFileReference; lastKnownFileType = wrapper.xcdatamodel; path = PowerBuilder.xcdatamodel; sourceTree = "<group>"; };
		A957B3245534102BA4CD397C /* Pods_PowerBuilder.framework */ = {isa = PBXFileReference; explicitFileType = wrapper.framework; includeInIndex = 0; path = Pods_PowerBuilder.framework; sourceTree = BUILT_PRODUCTS_DIR; };
		CD45BF6A84EAA0F6808E99A0 /* Pods-PowerBuilder.debug.xcconfig */ = {isa = PBXFileReference; includeInIndex = 1; lastKnownFileType = text.xcconfig; name = "Pods-PowerBuilder.debug.xcconfig"; path = "Pods/Target Support Files/Pods-PowerBuilder/Pods-PowerBuilder.debug.xcconfig"; sourceTree = "<group>"; };
		D447795BB8332E993982629D /* Pods-PowerBuilderUITests.debug.xcconfig */ = {isa = PBXFileReference; includeInIndex = 1; lastKnownFileType = text.xcconfig; name = "Pods-PowerBuilderUITests.debug.xcconfig"; path = "Pods/Target Support Files/Pods-PowerBuilderUITests/Pods-PowerBuilderUITests.debug.xcconfig"; sourceTree = "<group>"; };
		F867788FC3AC087F58CAA35E /* Pods-PowerBuilderTests.release.xcconfig */ = {isa = PBXFileReference; includeInIndex = 1; lastKnownFileType = text.xcconfig; name = "Pods-PowerBuilderTests.release.xcconfig"; path = "Pods/Target Support Files/Pods-PowerBuilderTests/Pods-PowerBuilderTests.release.xcconfig"; sourceTree = "<group>"; };
/* End PBXFileReference section */

/* Begin PBXFrameworksBuildPhase section */
		9D4AAEC5216D22A600E9013A /* Frameworks */ = {
			isa = PBXFrameworksBuildPhase;
			buildActionMask = 2147483647;
			files = (
				164ED5B790908F21AAAA2C0A /* Pods_PowerBuilder.framework in Frameworks */,
			);
			runOnlyForDeploymentPostprocessing = 0;
		};
		9D4AAED9216D22A700E9013A /* Frameworks */ = {
			isa = PBXFrameworksBuildPhase;
			buildActionMask = 2147483647;
			files = (
				25518099538F7528C070A92F /* Pods_PowerBuilderTests.framework in Frameworks */,
			);
			runOnlyForDeploymentPostprocessing = 0;
		};
		9D4AAEE4216D22A700E9013A /* Frameworks */ = {
			isa = PBXFrameworksBuildPhase;
			buildActionMask = 2147483647;
			files = (
				A7B6285087F804C46527FB53 /* Pods_PowerBuilderUITests.framework in Frameworks */,
			);
			runOnlyForDeploymentPostprocessing = 0;
		};
/* End PBXFrameworksBuildPhase section */

/* Begin PBXGroup section */
		25ED5E596195068C633FA33E /* Pods */ = {
			isa = PBXGroup;
			children = (
				CD45BF6A84EAA0F6808E99A0 /* Pods-PowerBuilder.debug.xcconfig */,
				92240D73144737B5952A24AB /* Pods-PowerBuilder.release.xcconfig */,
				5D6CC5955A3959C0549184AB /* Pods-PowerBuilderTests.debug.xcconfig */,
				F867788FC3AC087F58CAA35E /* Pods-PowerBuilderTests.release.xcconfig */,
				D447795BB8332E993982629D /* Pods-PowerBuilderUITests.debug.xcconfig */,
				1DBFC2CF7ACBD44D4DEBA3C6 /* Pods-PowerBuilderUITests.release.xcconfig */,
			);
			name = Pods;
			sourceTree = "<group>";
		};
		9D4AAEBF216D22A600E9013A = {
			isa = PBXGroup;
			children = (
				9D4AAECA216D22A600E9013A /* PowerBuilder */,
				9D4AAEDF216D22A700E9013A /* PowerBuilderTests */,
				9D4AAEEA216D22A700E9013A /* PowerBuilderUITests */,
				9D4AAEC9216D22A600E9013A /* Products */,
				25ED5E596195068C633FA33E /* Pods */,
				FA37E7D6A5ED1FA1E540D7CD /* Frameworks */,
			);
			sourceTree = "<group>";
		};
		9D4AAEC9216D22A600E9013A /* Products */ = {
			isa = PBXGroup;
			children = (
				9D4AAEC8216D22A600E9013A /* PowerBuilder.app */,
				9D4AAEDC216D22A700E9013A /* PowerBuilderTests.xctest */,
				9D4AAEE7216D22A700E9013A /* PowerBuilderUITests.xctest */,
			);
			name = Products;
			sourceTree = "<group>";
		};
		9D4AAECA216D22A600E9013A /* PowerBuilder */ = {
			isa = PBXGroup;
			children = (
				9D4AAECB216D22A600E9013A /* AppDelegate.swift */,
				9D4AAECF216D22A600E9013A /* Main.storyboard */,
				9D4AAECD216D22A600E9013A /* ViewController.swift */,
				9D4AAEFB216D4AC000E9013A /* MainNavigationController.swift */,
				9D4AAEF9216D480200E9013A /* WorkoutListingViewController.swift */,
				9DA05771216DBAD600F8A94D /* WorkoutListingTableViewCell.swift */,
				9D4AAEFD216D73D900E9013A /* ExerciseDetailsViewController.swift */,
				9DD12AC92176F63100D9FDC4 /* CalendarViewController.swift */,
				9DD12ACB2176F78F00D9FDC4 /* CustomCell.swift */,
				9DA0576F216DB9C200F8A94D /* WorkoutListingTableViewCell.xib */,
				9DD35BDD217129A500F2C04B /* PowerBuilder.xcdatamodeld */,
				9D4AAED4216D22A700E9013A /* LaunchScreen.storyboard */,
				9D4AAED7216D22A700E9013A /* Info.plist */,
				9D4AAED2216D22A700E9013A /* Assets.xcassets */,
			);
			path = PowerBuilder;
			sourceTree = "<group>";
		};
		9D4AAEDF216D22A700E9013A /* PowerBuilderTests */ = {
			isa = PBXGroup;
			children = (
				9D4AAEE0216D22A700E9013A /* PowerBuilderTests.swift */,
				9D4AAEE2216D22A700E9013A /* Info.plist */,
			);
			path = PowerBuilderTests;
			sourceTree = "<group>";
		};
		9D4AAEEA216D22A700E9013A /* PowerBuilderUITests */ = {
			isa = PBXGroup;
			children = (
				9D4AAEEB216D22A700E9013A /* PowerBuilderUITests.swift */,
				9D4AAEED216D22A700E9013A /* Info.plist */,
			);
			path = PowerBuilderUITests;
			sourceTree = "<group>";
		};
		FA37E7D6A5ED1FA1E540D7CD /* Frameworks */ = {
			isa = PBXGroup;
			children = (
				A957B3245534102BA4CD397C /* Pods_PowerBuilder.framework */,
				11ED28AC69C682AF2B310F8F /* Pods_PowerBuilderTests.framework */,
				8D2FCDA6C4A4F39721A81080 /* Pods_PowerBuilderUITests.framework */,
			);
			name = Frameworks;
			sourceTree = "<group>";
		};
/* End PBXGroup section */

/* Begin PBXNativeTarget section */
		9D4AAEC7216D22A600E9013A /* PowerBuilder */ = {
			isa = PBXNativeTarget;
			buildConfigurationList = 9D4AAEF0216D22A700E9013A /* Build configuration list for PBXNativeTarget "PowerBuilder" */;
			buildPhases = (
				0050F3AA41169B4CF1CD00A3 /* [CP] Check Pods Manifest.lock */,
				9D4AAEC4216D22A600E9013A /* Sources */,
				9D4AAEC5216D22A600E9013A /* Frameworks */,
				9D4AAEC6216D22A600E9013A /* Resources */,
				4704B397B79A09C59E892BBA /* [CP] Embed Pods Frameworks */,
			);
			buildRules = (
			);
			dependencies = (
			);
			name = PowerBuilder;
			productName = PowerBuilder;
			productReference = 9D4AAEC8216D22A600E9013A /* PowerBuilder.app */;
			productType = "com.apple.product-type.application";
		};
		9D4AAEDB216D22A700E9013A /* PowerBuilderTests */ = {
			isa = PBXNativeTarget;
			buildConfigurationList = 9D4AAEF3216D22A700E9013A /* Build configuration list for PBXNativeTarget "PowerBuilderTests" */;
			buildPhases = (
				F4FCCA8F91F1F77D87F3BCD9 /* [CP] Check Pods Manifest.lock */,
				9D4AAED8216D22A700E9013A /* Sources */,
				9D4AAED9216D22A700E9013A /* Frameworks */,
				9D4AAEDA216D22A700E9013A /* Resources */,
			);
			buildRules = (
			);
			dependencies = (
				9D4AAEDE216D22A700E9013A /* PBXTargetDependency */,
			);
			name = PowerBuilderTests;
			productName = PowerBuilderTests;
			productReference = 9D4AAEDC216D22A700E9013A /* PowerBuilderTests.xctest */;
			productType = "com.apple.product-type.bundle.unit-test";
		};
		9D4AAEE6216D22A700E9013A /* PowerBuilderUITests */ = {
			isa = PBXNativeTarget;
			buildConfigurationList = 9D4AAEF6216D22A700E9013A /* Build configuration list for PBXNativeTarget "PowerBuilderUITests" */;
			buildPhases = (
				7E96ADE57108EA61004C0DA2 /* [CP] Check Pods Manifest.lock */,
				9D4AAEE3216D22A700E9013A /* Sources */,
				9D4AAEE4216D22A700E9013A /* Frameworks */,
				9D4AAEE5216D22A700E9013A /* Resources */,
			);
			buildRules = (
			);
			dependencies = (
				9D4AAEE9216D22A700E9013A /* PBXTargetDependency */,
			);
			name = PowerBuilderUITests;
			productName = PowerBuilderUITests;
			productReference = 9D4AAEE7216D22A700E9013A /* PowerBuilderUITests.xctest */;
			productType = "com.apple.product-type.bundle.ui-testing";
		};
/* End PBXNativeTarget section */

/* Begin PBXProject section */
		9D4AAEC0216D22A600E9013A /* Project object */ = {
			isa = PBXProject;
			attributes = {
				LastSwiftUpdateCheck = 1000;
				LastUpgradeCheck = 1000;
				ORGANIZATIONNAME = "Chicory LLC";
				TargetAttributes = {
					9D4AAEC7216D22A600E9013A = {
						CreatedOnToolsVersion = 10.0;
					};
					9D4AAEDB216D22A700E9013A = {
						CreatedOnToolsVersion = 10.0;
						TestTargetID = 9D4AAEC7216D22A600E9013A;
					};
					9D4AAEE6216D22A700E9013A = {
						CreatedOnToolsVersion = 10.0;
						TestTargetID = 9D4AAEC7216D22A600E9013A;
					};
				};
			};
			buildConfigurationList = 9D4AAEC3216D22A600E9013A /* Build configuration list for PBXProject "PowerBuilder" */;
			compatibilityVersion = "Xcode 9.3";
			developmentRegion = en;
			hasScannedForEncodings = 0;
			knownRegions = (
				en,
				Base,
			);
			mainGroup = 9D4AAEBF216D22A600E9013A;
			productRefGroup = 9D4AAEC9216D22A600E9013A /* Products */;
			projectDirPath = "";
			projectRoot = "";
			targets = (
				9D4AAEC7216D22A600E9013A /* PowerBuilder */,
				9D4AAEDB216D22A700E9013A /* PowerBuilderTests */,
				9D4AAEE6216D22A700E9013A /* PowerBuilderUITests */,
			);
		};
/* End PBXProject section */

/* Begin PBXResourcesBuildPhase section */
		9D4AAEC6216D22A600E9013A /* Resources */ = {
			isa = PBXResourcesBuildPhase;
			buildActionMask = 2147483647;
			files = (
				9D4AAED6216D22A700E9013A /* LaunchScreen.storyboard in Resources */,
				9D4AAED3216D22A700E9013A /* Assets.xcassets in Resources */,
				9D4AAED1216D22A600E9013A /* Main.storyboard in Resources */,
				9DA05770216DB9C200F8A94D /* WorkoutListingTableViewCell.xib in Resources */,
			);
			runOnlyForDeploymentPostprocessing = 0;
		};
		9D4AAEDA216D22A700E9013A /* Resources */ = {
			isa = PBXResourcesBuildPhase;
			buildActionMask = 2147483647;
			files = (
			);
			runOnlyForDeploymentPostprocessing = 0;
		};
		9D4AAEE5216D22A700E9013A /* Resources */ = {
			isa = PBXResourcesBuildPhase;
			buildActionMask = 2147483647;
			files = (
			);
			runOnlyForDeploymentPostprocessing = 0;
		};
/* End PBXResourcesBuildPhase section */

/* Begin PBXShellScriptBuildPhase section */
		0050F3AA41169B4CF1CD00A3 /* [CP] Check Pods Manifest.lock */ = {
			isa = PBXShellScriptBuildPhase;
			buildActionMask = 2147483647;
			files = (
			);
			inputFileListPaths = (
			);
			inputPaths = (
				"${PODS_PODFILE_DIR_PATH}/Podfile.lock",
				"${PODS_ROOT}/Manifest.lock",
			);
			name = "[CP] Check Pods Manifest.lock";
			outputFileListPaths = (
			);
			outputPaths = (
				"$(DERIVED_FILE_DIR)/Pods-PowerBuilder-checkManifestLockResult.txt",
			);
			runOnlyForDeploymentPostprocessing = 0;
			shellPath = /bin/sh;
			shellScript = "diff \"${PODS_PODFILE_DIR_PATH}/Podfile.lock\" \"${PODS_ROOT}/Manifest.lock\" > /dev/null\nif [ $? != 0 ] ; then\n    # print error to STDERR\n    echo \"error: The sandbox is not in sync with the Podfile.lock. Run 'pod install' or update your CocoaPods installation.\" >&2\n    exit 1\nfi\n# This output is used by Xcode 'outputs' to avoid re-running this script phase.\necho \"SUCCESS\" > \"${SCRIPT_OUTPUT_FILE_0}\"\n";
			showEnvVarsInLog = 0;
		};
		4704B397B79A09C59E892BBA /* [CP] Embed Pods Frameworks */ = {
			isa = PBXShellScriptBuildPhase;
			buildActionMask = 2147483647;
			files = (
			);
			inputFileListPaths = (
			);
			inputPaths = (
				"${SRCROOT}/Pods/Target Support Files/Pods-PowerBuilder/Pods-PowerBuilder-frameworks.sh",
				"${BUILT_PRODUCTS_DIR}/JTAppleCalendar/JTAppleCalendar.framework",
			);
			name = "[CP] Embed Pods Frameworks";
			outputFileListPaths = (
			);
			outputPaths = (
				"${TARGET_BUILD_DIR}/${FRAMEWORKS_FOLDER_PATH}/JTAppleCalendar.framework",
			);
			runOnlyForDeploymentPostprocessing = 0;
			shellPath = /bin/sh;
			shellScript = "\"${SRCROOT}/Pods/Target Support Files/Pods-PowerBuilder/Pods-PowerBuilder-frameworks.sh\"\n";
			showEnvVarsInLog = 0;
		};
		7E96ADE57108EA61004C0DA2 /* [CP] Check Pods Manifest.lock */ = {
			isa = PBXShellScriptBuildPhase;
			buildActionMask = 2147483647;
			files = (
			);
			inputFileListPaths = (
			);
			inputPaths = (
				"${PODS_PODFILE_DIR_PATH}/Podfile.lock",
				"${PODS_ROOT}/Manifest.lock",
			);
			name = "[CP] Check Pods Manifest.lock";
			outputFileListPaths = (
			);
			outputPaths = (
				"$(DERIVED_FILE_DIR)/Pods-PowerBuilderUITests-checkManifestLockResult.txt",
			);
			runOnlyForDeploymentPostprocessing = 0;
			shellPath = /bin/sh;
			shellScript = "diff \"${PODS_PODFILE_DIR_PATH}/Podfile.lock\" \"${PODS_ROOT}/Manifest.lock\" > /dev/null\nif [ $? != 0 ] ; then\n    # print error to STDERR\n    echo \"error: The sandbox is not in sync with the Podfile.lock. Run 'pod install' or update your CocoaPods installation.\" >&2\n    exit 1\nfi\n# This output is used by Xcode 'outputs' to avoid re-running this script phase.\necho \"SUCCESS\" > \"${SCRIPT_OUTPUT_FILE_0}\"\n";
			showEnvVarsInLog = 0;
		};
		F4FCCA8F91F1F77D87F3BCD9 /* [CP] Check Pods Manifest.lock */ = {
			isa = PBXShellScriptBuildPhase;
			buildActionMask = 2147483647;
			files = (
			);
			inputFileListPaths = (
			);
			inputPaths = (
				"${PODS_PODFILE_DIR_PATH}/Podfile.lock",
				"${PODS_ROOT}/Manifest.lock",
			);
			name = "[CP] Check Pods Manifest.lock";
			outputFileListPaths = (
			);
			outputPaths = (
				"$(DERIVED_FILE_DIR)/Pods-PowerBuilderTests-checkManifestLockResult.txt",
			);
			runOnlyForDeploymentPostprocessing = 0;
			shellPath = /bin/sh;
			shellScript = "diff \"${PODS_PODFILE_DIR_PATH}/Podfile.lock\" \"${PODS_ROOT}/Manifest.lock\" > /dev/null\nif [ $? != 0 ] ; then\n    # print error to STDERR\n    echo \"error: The sandbox is not in sync with the Podfile.lock. Run 'pod install' or update your CocoaPods installation.\" >&2\n    exit 1\nfi\n# This output is used by Xcode 'outputs' to avoid re-running this script phase.\necho \"SUCCESS\" > \"${SCRIPT_OUTPUT_FILE_0}\"\n";
			showEnvVarsInLog = 0;
		};
/* End PBXShellScriptBuildPhase section */

/* Begin PBXSourcesBuildPhase section */
		9D4AAEC4216D22A600E9013A /* Sources */ = {
			isa = PBXSourcesBuildPhase;
			buildActionMask = 2147483647;
			files = (
				9DD12ACA2176F63100D9FDC4 /* CalendarViewController.swift in Sources */,
				9D4AAEFE216D73D900E9013A /* ExerciseDetailsViewController.swift in Sources */,
				9D4AAECE216D22A600E9013A /* ViewController.swift in Sources */,
				9DD35BDF217129A500F2C04B /* PowerBuilder.xcdatamodeld in Sources */,
				9DD12ACC2176F78F00D9FDC4 /* CustomCell.swift in Sources */,
				9D4AAECC216D22A600E9013A /* AppDelegate.swift in Sources */,
				9DA05772216DBAD600F8A94D /* WorkoutListingTableViewCell.swift in Sources */,
				9D4AAEFC216D4AC000E9013A /* MainNavigationController.swift in Sources */,
				9D4AAEFA216D480200E9013A /* WorkoutListingViewController.swift in Sources */,
			);
			runOnlyForDeploymentPostprocessing = 0;
		};
		9D4AAED8216D22A700E9013A /* Sources */ = {
			isa = PBXSourcesBuildPhase;
			buildActionMask = 2147483647;
			files = (
				9D4AAEE1216D22A700E9013A /* PowerBuilderTests.swift in Sources */,
			);
			runOnlyForDeploymentPostprocessing = 0;
		};
		9D4AAEE3216D22A700E9013A /* Sources */ = {
			isa = PBXSourcesBuildPhase;
			buildActionMask = 2147483647;
			files = (
				9D4AAEEC216D22A700E9013A /* PowerBuilderUITests.swift in Sources */,
			);
			runOnlyForDeploymentPostprocessing = 0;
		};
/* End PBXSourcesBuildPhase section */

/* Begin PBXTargetDependency section */
		9D4AAEDE216D22A700E9013A /* PBXTargetDependency */ = {
			isa = PBXTargetDependency;
			target = 9D4AAEC7216D22A600E9013A /* PowerBuilder */;
			targetProxy = 9D4AAEDD216D22A700E9013A /* PBXContainerItemProxy */;
		};
		9D4AAEE9216D22A700E9013A /* PBXTargetDependency */ = {
			isa = PBXTargetDependency;
			target = 9D4AAEC7216D22A600E9013A /* PowerBuilder */;
			targetProxy = 9D4AAEE8216D22A700E9013A /* PBXContainerItemProxy */;
		};
/* End PBXTargetDependency section */

/* Begin PBXVariantGroup section */
		9D4AAECF216D22A600E9013A /* Main.storyboard */ = {
			isa = PBXVariantGroup;
			children = (
				9D4AAED0216D22A600E9013A /* Base */,
			);
			name = Main.storyboard;
			sourceTree = "<group>";
		};
		9D4AAED4216D22A700E9013A /* LaunchScreen.storyboard */ = {
			isa = PBXVariantGroup;
			children = (
				9D4AAED5216D22A700E9013A /* Base */,
			);
			name = LaunchScreen.storyboard;
			sourceTree = "<group>";
		};
/* End PBXVariantGroup section */

/* Begin XCBuildConfiguration section */
		9D4AAEEE216D22A700E9013A /* Debug */ = {
			isa = XCBuildConfiguration;
			buildSettings = {
				ALWAYS_SEARCH_USER_PATHS = NO;
				CLANG_ANALYZER_NONNULL = YES;
				CLANG_ANALYZER_NUMBER_OBJECT_CONVERSION = YES_AGGRESSIVE;
				CLANG_CXX_LANGUAGE_STANDARD = "gnu++14";
				CLANG_CXX_LIBRARY = "libc++";
				CLANG_ENABLE_MODULES = YES;
				CLANG_ENABLE_OBJC_ARC = YES;
				CLANG_ENABLE_OBJC_WEAK = YES;
				CLANG_WARN_BLOCK_CAPTURE_AUTORELEASING = YES;
				CLANG_WARN_BOOL_CONVERSION = YES;
				CLANG_WARN_COMMA = YES;
				CLANG_WARN_CONSTANT_CONVERSION = YES;
				CLANG_WARN_DEPRECATED_OBJC_IMPLEMENTATIONS = YES;
				CLANG_WARN_DIRECT_OBJC_ISA_USAGE = YES_ERROR;
				CLANG_WARN_DOCUMENTATION_COMMENTS = YES;
				CLANG_WARN_EMPTY_BODY = YES;
				CLANG_WARN_ENUM_CONVERSION = YES;
				CLANG_WARN_INFINITE_RECURSION = YES;
				CLANG_WARN_INT_CONVERSION = YES;
				CLANG_WARN_NON_LITERAL_NULL_CONVERSION = YES;
				CLANG_WARN_OBJC_IMPLICIT_RETAIN_SELF = YES;
				CLANG_WARN_OBJC_LITERAL_CONVERSION = YES;
				CLANG_WARN_OBJC_ROOT_CLASS = YES_ERROR;
				CLANG_WARN_RANGE_LOOP_ANALYSIS = YES;
				CLANG_WARN_STRICT_PROTOTYPES = YES;
				CLANG_WARN_SUSPICIOUS_MOVE = YES;
				CLANG_WARN_UNGUARDED_AVAILABILITY = YES_AGGRESSIVE;
				CLANG_WARN_UNREACHABLE_CODE = YES;
				CLANG_WARN__DUPLICATE_METHOD_MATCH = YES;
				CODE_SIGN_IDENTITY = "iPhone Developer";
				COPY_PHASE_STRIP = NO;
				DEBUG_INFORMATION_FORMAT = dwarf;
				ENABLE_STRICT_OBJC_MSGSEND = YES;
				ENABLE_TESTABILITY = YES;
				GCC_C_LANGUAGE_STANDARD = gnu11;
				GCC_DYNAMIC_NO_PIC = NO;
				GCC_NO_COMMON_BLOCKS = YES;
				GCC_OPTIMIZATION_LEVEL = 0;
				GCC_PREPROCESSOR_DEFINITIONS = (
					"DEBUG=1",
					"$(inherited)",
				);
				GCC_WARN_64_TO_32_BIT_CONVERSION = YES;
				GCC_WARN_ABOUT_RETURN_TYPE = YES_ERROR;
				GCC_WARN_UNDECLARED_SELECTOR = YES;
				GCC_WARN_UNINITIALIZED_AUTOS = YES_AGGRESSIVE;
				GCC_WARN_UNUSED_FUNCTION = YES;
				GCC_WARN_UNUSED_VARIABLE = YES;
				IPHONEOS_DEPLOYMENT_TARGET = 12.0;
				MTL_ENABLE_DEBUG_INFO = INCLUDE_SOURCE;
				MTL_FAST_MATH = YES;
				ONLY_ACTIVE_ARCH = YES;
				SDKROOT = iphoneos;
				SWIFT_ACTIVE_COMPILATION_CONDITIONS = DEBUG;
				SWIFT_OPTIMIZATION_LEVEL = "-Onone";
			};
			name = Debug;
		};
		9D4AAEEF216D22A700E9013A /* Release */ = {
			isa = XCBuildConfiguration;
			buildSettings = {
				ALWAYS_SEARCH_USER_PATHS = NO;
				CLANG_ANALYZER_NONNULL = YES;
				CLANG_ANALYZER_NUMBER_OBJECT_CONVERSION = YES_AGGRESSIVE;
				CLANG_CXX_LANGUAGE_STANDARD = "gnu++14";
				CLANG_CXX_LIBRARY = "libc++";
				CLANG_ENABLE_MODULES = YES;
				CLANG_ENABLE_OBJC_ARC = YES;
				CLANG_ENABLE_OBJC_WEAK = YES;
				CLANG_WARN_BLOCK_CAPTURE_AUTORELEASING = YES;
				CLANG_WARN_BOOL_CONVERSION = YES;
				CLANG_WARN_COMMA = YES;
				CLANG_WARN_CONSTANT_CONVERSION = YES;
				CLANG_WARN_DEPRECATED_OBJC_IMPLEMENTATIONS = YES;
				CLANG_WARN_DIRECT_OBJC_ISA_USAGE = YES_ERROR;
				CLANG_WARN_DOCUMENTATION_COMMENTS = YES;
				CLANG_WARN_EMPTY_BODY = YES;
				CLANG_WARN_ENUM_CONVERSION = YES;
				CLANG_WARN_INFINITE_RECURSION = YES;
				CLANG_WARN_INT_CONVERSION = YES;
				CLANG_WARN_NON_LITERAL_NULL_CONVERSION = YES;
				CLANG_WARN_OBJC_IMPLICIT_RETAIN_SELF = YES;
				CLANG_WARN_OBJC_LITERAL_CONVERSION = YES;
				CLANG_WARN_OBJC_ROOT_CLASS = YES_ERROR;
				CLANG_WARN_RANGE_LOOP_ANALYSIS = YES;
				CLANG_WARN_STRICT_PROTOTYPES = YES;
				CLANG_WARN_SUSPICIOUS_MOVE = YES;
				CLANG_WARN_UNGUARDED_AVAILABILITY = YES_AGGRESSIVE;
				CLANG_WARN_UNREACHABLE_CODE = YES;
				CLANG_WARN__DUPLICATE_METHOD_MATCH = YES;
				CODE_SIGN_IDENTITY = "iPhone Developer";
				COPY_PHASE_STRIP = NO;
				DEBUG_INFORMATION_FORMAT = "dwarf-with-dsym";
				ENABLE_NS_ASSERTIONS = NO;
				ENABLE_STRICT_OBJC_MSGSEND = YES;
				GCC_C_LANGUAGE_STANDARD = gnu11;
				GCC_NO_COMMON_BLOCKS = YES;
				GCC_WARN_64_TO_32_BIT_CONVERSION = YES;
				GCC_WARN_ABOUT_RETURN_TYPE = YES_ERROR;
				GCC_WARN_UNDECLARED_SELECTOR = YES;
				GCC_WARN_UNINITIALIZED_AUTOS = YES_AGGRESSIVE;
				GCC_WARN_UNUSED_FUNCTION = YES;
				GCC_WARN_UNUSED_VARIABLE = YES;
				IPHONEOS_DEPLOYMENT_TARGET = 12.0;
				MTL_ENABLE_DEBUG_INFO = NO;
				MTL_FAST_MATH = YES;
				SDKROOT = iphoneos;
				SWIFT_COMPILATION_MODE = wholemodule;
				SWIFT_OPTIMIZATION_LEVEL = "-O";
				VALIDATE_PRODUCT = YES;
			};
			name = Release;
		};
		9D4AAEF1216D22A700E9013A /* Debug */ = {
			isa = XCBuildConfiguration;
			baseConfigurationReference = CD45BF6A84EAA0F6808E99A0 /* Pods-PowerBuilder.debug.xcconfig */;
			buildSettings = {
				ASSETCATALOG_COMPILER_APPICON_NAME = AppIcon;
				CODE_SIGN_IDENTITY = "iPhone Developer";
				CODE_SIGN_STYLE = Manual;
				DEVELOPMENT_TEAM = "";
				INFOPLIST_FILE = PowerBuilder/Info.plist;
				LD_RUNPATH_SEARCH_PATHS = (
					"$(inherited)",
					"@executable_path/Frameworks",
				);
				PRODUCT_BUNDLE_IDENTIFIER = com.chicory.PowerBuilder;
				PRODUCT_NAME = "$(TARGET_NAME)";
				PROVISIONING_PROFILE_SPECIFIER = "";
				SWIFT_VERSION = 4.2;
				TARGETED_DEVICE_FAMILY = "1,2";
			};
			name = Debug;
		};
		9D4AAEF2216D22A700E9013A /* Release */ = {
			isa = XCBuildConfiguration;
			baseConfigurationReference = 92240D73144737B5952A24AB /* Pods-PowerBuilder.release.xcconfig */;
			buildSettings = {
				ASSETCATALOG_COMPILER_APPICON_NAME = AppIcon;
				CODE_SIGN_IDENTITY = "iPhone Developer";
				CODE_SIGN_STYLE = Manual;
				DEVELOPMENT_TEAM = "";
				INFOPLIST_FILE = PowerBuilder/Info.plist;
				LD_RUNPATH_SEARCH_PATHS = (
					"$(inherited)",
					"@executable_path/Frameworks",
				);
				PRODUCT_BUNDLE_IDENTIFIER = com.chicory.PowerBuilder;
				PRODUCT_NAME = "$(TARGET_NAME)";
				PROVISIONING_PROFILE_SPECIFIER = "";
				SWIFT_VERSION = 4.2;
				TARGETED_DEVICE_FAMILY = "1,2";
			};
			name = Release;
		};
		9D4AAEF4216D22A700E9013A /* Debug */ = {
			isa = XCBuildConfiguration;
			baseConfigurationReference = 5D6CC5955A3959C0549184AB /* Pods-PowerBuilderTests.debug.xcconfig */;
			buildSettings = {
				ALWAYS_EMBED_SWIFT_STANDARD_LIBRARIES = YES;
				BUNDLE_LOADER = "$(TEST_HOST)";
				CODE_SIGN_STYLE = Automatic;
				INFOPLIST_FILE = PowerBuilderTests/Info.plist;
				LD_RUNPATH_SEARCH_PATHS = (
					"$(inherited)",
					"@executable_path/Frameworks",
					"@loader_path/Frameworks",
				);
				PRODUCT_BUNDLE_IDENTIFIER = com.chicory.PowerBuilderTests;
				PRODUCT_NAME = "$(TARGET_NAME)";
				SWIFT_VERSION = 4.2;
				TARGETED_DEVICE_FAMILY = "1,2";
				TEST_HOST = "$(BUILT_PRODUCTS_DIR)/PowerBuilder.app/PowerBuilder";
			};
			name = Debug;
		};
		9D4AAEF5216D22A700E9013A /* Release */ = {
			isa = XCBuildConfiguration;
			baseConfigurationReference = F867788FC3AC087F58CAA35E /* Pods-PowerBuilderTests.release.xcconfig */;
			buildSettings = {
				ALWAYS_EMBED_SWIFT_STANDARD_LIBRARIES = YES;
				BUNDLE_LOADER = "$(TEST_HOST)";
				CODE_SIGN_STYLE = Automatic;
				INFOPLIST_FILE = PowerBuilderTests/Info.plist;
				LD_RUNPATH_SEARCH_PATHS = (
					"$(inherited)",
					"@executable_path/Frameworks",
					"@loader_path/Frameworks",
				);
				PRODUCT_BUNDLE_IDENTIFIER = com.chicory.PowerBuilderTests;
				PRODUCT_NAME = "$(TARGET_NAME)";
				SWIFT_VERSION = 4.2;
				TARGETED_DEVICE_FAMILY = "1,2";
				TEST_HOST = "$(BUILT_PRODUCTS_DIR)/PowerBuilder.app/PowerBuilder";
			};
			name = Release;
		};
		9D4AAEF7216D22A700E9013A /* Debug */ = {
			isa = XCBuildConfiguration;
			baseConfigurationReference = D447795BB8332E993982629D /* Pods-PowerBuilderUITests.debug.xcconfig */;
			buildSettings = {
				ALWAYS_EMBED_SWIFT_STANDARD_LIBRARIES = YES;
				CODE_SIGN_STYLE = Automatic;
				INFOPLIST_FILE = PowerBuilderUITests/Info.plist;
				LD_RUNPATH_SEARCH_PATHS = (
					"$(inherited)",
					"@executable_path/Frameworks",
					"@loader_path/Frameworks",
				);
				PRODUCT_BUNDLE_IDENTIFIER = com.chicory.PowerBuilderUITests;
				PRODUCT_NAME = "$(TARGET_NAME)";
				SWIFT_VERSION = 4.2;
				TARGETED_DEVICE_FAMILY = "1,2";
				TEST_TARGET_NAME = PowerBuilder;
			};
			name = Debug;
		};
		9D4AAEF8216D22A700E9013A /* Release */ = {
			isa = XCBuildConfiguration;
			baseConfigurationReference = 1DBFC2CF7ACBD44D4DEBA3C6 /* Pods-PowerBuilderUITests.release.xcconfig */;
			buildSettings = {
				ALWAYS_EMBED_SWIFT_STANDARD_LIBRARIES = YES;
				CODE_SIGN_STYLE = Automatic;
				INFOPLIST_FILE = PowerBuilderUITests/Info.plist;
				LD_RUNPATH_SEARCH_PATHS = (
					"$(inherited)",
					"@executable_path/Frameworks",
					"@loader_path/Frameworks",
				);
				PRODUCT_BUNDLE_IDENTIFIER = com.chicory.PowerBuilderUITests;
				PRODUCT_NAME = "$(TARGET_NAME)";
				SWIFT_VERSION = 4.2;
				TARGETED_DEVICE_FAMILY = "1,2";
				TEST_TARGET_NAME = PowerBuilder;
			};
			name = Release;
		};
/* End XCBuildConfiguration section */

/* Begin XCConfigurationList section */
		9D4AAEC3216D22A600E9013A /* Build configuration list for PBXProject "PowerBuilder" */ = {
			isa = XCConfigurationList;
			buildConfigurations = (
				9D4AAEEE216D22A700E9013A /* Debug */,
				9D4AAEEF216D22A700E9013A /* Release */,
			);
			defaultConfigurationIsVisible = 0;
			defaultConfigurationName = Release;
		};
		9D4AAEF0216D22A700E9013A /* Build configuration list for PBXNativeTarget "PowerBuilder" */ = {
			isa = XCConfigurationList;
			buildConfigurations = (
				9D4AAEF1216D22A700E9013A /* Debug */,
				9D4AAEF2216D22A700E9013A /* Release */,
			);
			defaultConfigurationIsVisible = 0;
			defaultConfigurationName = Release;
		};
		9D4AAEF3216D22A700E9013A /* Build configuration list for PBXNativeTarget "PowerBuilderTests" */ = {
			isa = XCConfigurationList;
			buildConfigurations = (
				9D4AAEF4216D22A700E9013A /* Debug */,
				9D4AAEF5216D22A700E9013A /* Release */,
			);
			defaultConfigurationIsVisible = 0;
			defaultConfigurationName = Release;
		};
		9D4AAEF6216D22A700E9013A /* Build configuration list for PBXNativeTarget "PowerBuilderUITests" */ = {
			isa = XCConfigurationList;
			buildConfigurations = (
				9D4AAEF7216D22A700E9013A /* Debug */,
				9D4AAEF8216D22A700E9013A /* Release */,
			);
			defaultConfigurationIsVisible = 0;
			defaultConfigurationName = Release;
		};
/* End XCConfigurationList section */

/* Begin XCVersionGroup section */
		9DD35BDD217129A500F2C04B /* PowerBuilder.xcdatamodeld */ = {
			isa = XCVersionGroup;
			children = (
				9DD35BDE217129A500F2C04B /* PowerBuilder.xcdatamodel */,
			);
			currentVersion = 9DD35BDE217129A500F2C04B /* PowerBuilder.xcdatamodel */;
			path = PowerBuilder.xcdatamodeld;
			sourceTree = "<group>";
			versionGroupType = wrapper.xcdatamodel;
		};
/* End XCVersionGroup section */
	};
	rootObject = 9D4AAEC0216D22A600E9013A /* Project object */;
}
